
Microsoft Visual Studio Solution File, Format Version 12.00
# Visual Studio Version 16
VisualStudioVersion = 16.0.28803.916
MinimumVisualStudioVersion = 10.0.40219.1
Project("{FAE04EC0-301F-11D3-BF4B-00C04F79EFBC}") = "ProjetoOrdenacao", "ProjetoOrdenacao\ProjetoOrdenacao.csproj", "{E668E10F-B429-4237-97E6-34120DFB3F3C}"
EndProject
Project("{FAE04EC0-301F-11D3-BF4B-00C04F79EFBC}") = "TestOrdenacao", "TestOrdenacao\TestOrdenacao.csproj", "{7D059F4B-3E3E-4B8B-96CC-014E703141B5}"
EndProject
Global
	GlobalSection(SolutionConfigurationPlatforms) = preSolution
		Debug|Any CPU = Debug|Any CPU
		Release|Any CPU = Release|Any CPU
	EndGlobalSection
	GlobalSection(ProjectConfigurationPlatforms) = postSolution
		{E668E10F-B429-4237-97E6-34120DFB3F3C}.Debug|Any CPU.ActiveCfg = Debug|Any CPU
		{E668E10F-B429-4237-97E6-34120DFB3F3C}.Debug|Any CPU.Build.0 = Debug|Any CPU
		{E668E10F-B429-4237-97E6-34120DFB3F3C}.Release|Any CPU.ActiveCfg = Release|Any CPU
		{E668E10F-B429-4237-97E6-34120DFB3F3C}.Release|Any CPU.Build.0 = Release|Any CPU
		{7D059F4B-3E3E-4B8B-96CC-014E703141B5}.Debug|Any CPU.ActiveCfg = Debug|Any CPU
		{7D059F4B-3E3E-4B8B-96CC-014E703141B5}.Debug|Any CPU.Build.0 = Debug|Any CPU
		{7D059F4B-3E3E-4B8B-96CC-014E703141B5}.Release|Any CPU.ActiveCfg = Release|Any CPU
		{7D059F4B-3E3E-4B8B-96CC-014E703141B5}.Release|Any CPU.Build.0 = Release|Any CPU
	EndGlobalSection
	GlobalSection(SolutionProperties) = preSolution
		HideSolutionNode = FALSE
	EndGlobalSection
	GlobalSection(ExtensibilityGlobals) = postSolution
		SolutionGuid = {35F7ACEE-ABEC-4D3B-ACDF-8089EADFD091}
	EndGlobalSection
EndGlobal
