
Microsoft Visual Studio Solution File, Format Version 12.00
# Visual Studio Version 17
VisualStudioVersion = 17.2.32630.192
MinimumVisualStudioVersion = 10.0.40219.1
Project("{FAE04EC0-301F-11D3-BF4B-00C04F79EFBC}") = "AtTesla", "AtTesla\AtTesla.csproj", "{45490FA3-BE8B-4E8D-B5ED-419DBE664966}"
EndProject
Global
	GlobalSection(SolutionConfigurationPlatforms) = preSolution
		Debug|Any CPU = Debug|Any CPU
		Release|Any CPU = Release|Any CPU
	EndGlobalSection
	GlobalSection(ProjectConfigurationPlatforms) = postSolution
		{45490FA3-BE8B-4E8D-B5ED-419DBE664966}.Debug|Any CPU.ActiveCfg = Debug|Any CPU
		{45490FA3-BE8B-4E8D-B5ED-419DBE664966}.Debug|Any CPU.Build.0 = Debug|Any CPU
		{45490FA3-BE8B-4E8D-B5ED-419DBE664966}.Release|Any CPU.ActiveCfg = Release|Any CPU
		{45490FA3-BE8B-4E8D-B5ED-419DBE664966}.Release|Any CPU.Build.0 = Release|Any CPU
	EndGlobalSection
	GlobalSection(SolutionProperties) = preSolution
		HideSolutionNode = FALSE
	EndGlobalSection
	GlobalSection(ExtensibilityGlobals) = postSolution
		SolutionGuid = {EDB8AAED-251C-40D5-9167-6DB35DD5B705}
	EndGlobalSection
EndGlobal
